
Microsoft Visual Studio Solution File, Format Version 12.00
# Visual Studio Version 16
VisualStudioVersion = 16.0.31702.278
MinimumVisualStudioVersion = 10.0.40219.1
Project("{FAE04EC0-301F-11D3-BF4B-00C04F79EFBC}") = "AulaUm", "AulaUm\AulaUm.csproj", "{2422A5C7-4840-4B43-B486-38ED719B1A91}"
EndProject
Global
	GlobalSection(SolutionConfigurationPlatforms) = preSolution
		Debug|Any CPU = Debug|Any CPU
		Release|Any CPU = Release|Any CPU
	EndGlobalSection
	GlobalSection(ProjectConfigurationPlatforms) = postSolution
		{2422A5C7-4840-4B43-B486-38ED719B1A91}.Debug|Any CPU.ActiveCfg = Debug|Any CPU
		{2422A5C7-4840-4B43-B486-38ED719B1A91}.Debug|Any CPU.Build.0 = Debug|Any CPU
		{2422A5C7-4840-4B43-B486-38ED719B1A91}.Release|Any CPU.ActiveCfg = Release|Any CPU
		{2422A5C7-4840-4B43-B486-38ED719B1A91}.Release|Any CPU.Build.0 = Release|Any CPU
	EndGlobalSection
	GlobalSection(SolutionProperties) = preSolution
		HideSolutionNode = FALSE
	EndGlobalSection
	GlobalSection(ExtensibilityGlobals) = postSolution
		SolutionGuid = {0733A0B5-5F3A-4EBD-BB7A-69095805E028}
	EndGlobalSection
EndGlobal
